// !$*UTF8*$!
{
	archiveVersion = 1;
	classes = {
	};
	objectVersion = 55;
	objects = {

/* Begin PBXBuildFile section */
		B9F38B19271C37F5002B5E8B /* closures.swift in Sources */ = {isa = PBXBuildFile; fileRef = B9F38B18271C37F5002B5E8B /* closures.swift */; };
		CE02B52C27140BEB00861F3D /* main.swift in Sources */ = {isa = PBXBuildFile; fileRef = CE02B52B27140BEB00861F3D /* main.swift */; };
		CE02B53527140DC100861F3D /* utils.swift in Sources */ = {isa = PBXBuildFile; fileRef = CE02B53427140DC100861F3D /* utils.swift */; };
		CE3F58112718AD7B00A569FA /* compute_salary.swift in Sources */ = {isa = PBXBuildFile; fileRef = CE3F57F12718AD7B00A569FA /* compute_salary.swift */; };
		CE3F58122718AD7B00A569FA /* check_day.swift in Sources */ = {isa = PBXBuildFile; fileRef = CE3F57F22718AD7B00A569FA /* check_day.swift */; };
		CE3F58132718AD7B00A569FA /* analyze_marks.swift in Sources */ = {isa = PBXBuildFile; fileRef = CE3F57F32718AD7B00A569FA /* analyze_marks.swift */; };
		CE3F58142718AD7B00A569FA /* check_mark.swift in Sources */ = {isa = PBXBuildFile; fileRef = CE3F57F92718AD7B00A569FA /* check_mark.swift */; };
		CE3F58152718AD7B00A569FA /* compute_salary_v2.swift in Sources */ = {isa = PBXBuildFile; fileRef = CE3F57FA2718AD7B00A569FA /* compute_salary_v2.swift */; };
		CE3F58162718AD7B00A569FA /* errors.swift in Sources */ = {isa = PBXBuildFile; fileRef = CE3F57FD2718AD7B00A569FA /* errors.swift */; };
		CE3F58172718AD7B00A569FA /* quiz.swift in Sources */ = {isa = PBXBuildFile; fileRef = CE3F57FF2718AD7B00A569FA /* quiz.swift */; };
		CE3F58182718AD7B00A569FA /* quiz_for.swift in Sources */ = {isa = PBXBuildFile; fileRef = CE3F58002718AD7B00A569FA /* quiz_for.swift */; };
		CE3F58192718AD7B00A569FA /* check_plate.swift in Sources */ = {isa = PBXBuildFile; fileRef = CE3F58032718AD7B00A569FA /* check_plate.swift */; };
		CE3F581A2718AD7B00A569FA /* loop_basics.swift in Sources */ = {isa = PBXBuildFile; fileRef = CE3F58042718AD7B00A569FA /* loop_basics.swift */; };
		CE3F581B2718AD7B00A569FA /* quiz_repeat.swift in Sources */ = {isa = PBXBuildFile; fileRef = CE3F58062718AD7B00A569FA /* quiz_repeat.swift */; };
		CE3F581C2718AD7B00A569FA /* insurance.swift in Sources */ = {isa = PBXBuildFile; fileRef = CE3F58072718AD7B00A569FA /* insurance.swift */; };
		CE3F581D2718AD7B00A569FA /* check_password.swift in Sources */ = {isa = PBXBuildFile; fileRef = CE3F58082718AD7B00A569FA /* check_password.swift */; };
		CE3F581E2718AD7B00A569FA /* string_basics.swift in Sources */ = {isa = PBXBuildFile; fileRef = CE3F580A2718AD7B00A569FA /* string_basics.swift */; };
		CE3F581F2718AD7B00A569FA /* check_day_v2.swift in Sources */ = {isa = PBXBuildFile; fileRef = CE3F580B2718AD7B00A569FA /* check_day_v2.swift */; };
		CE3F58202718AD7B00A569FA /* quiz_while_v2.swift in Sources */ = {isa = PBXBuildFile; fileRef = CE3F580D2718AD7B00A569FA /* quiz_while_v2.swift */; };
		CE3F58212718AD7B00A569FA /* quiz_while.swift in Sources */ = {isa = PBXBuildFile; fileRef = CE3F580F2718AD7B00A569FA /* quiz_while.swift */; };
		CE3F58222718AD7B00A569FA /* compute_salary_v3.swift in Sources */ = {isa = PBXBuildFile; fileRef = CE3F58102718AD7B00A569FA /* compute_salary_v3.swift */; };
		CE3F582A2718AD9A00A569FA /* dict_basics.swift in Sources */ = {isa = PBXBuildFile; fileRef = CE3F58242718AD9A00A569FA /* dict_basics.swift */; };
		CE3F582B2718AD9A00A569FA /* assign_grades.swift in Sources */ = {isa = PBXBuildFile; fileRef = CE3F58252718AD9A00A569FA /* assign_grades.swift */; };
		CE3F582C2718AD9A00A569FA /* nested_arrays.swift in Sources */ = {isa = PBXBuildFile; fileRef = CE3F58262718AD9A00A569FA /* nested_arrays.swift */; };
		CE3F582D2718AD9A00A569FA /* optionals_basics.swift in Sources */ = {isa = PBXBuildFile; fileRef = CE3F58282718AD9A00A569FA /* optionals_basics.swift */; };
		CE3F58392718AE4600A569FA /* check_palindrome.swift in Sources */ = {isa = PBXBuildFile; fileRef = CE3F582F2718AE4600A569FA /* check_palindrome.swift */; };
		CE3F583A2718AE4600A569FA /* call_functions.swift in Sources */ = {isa = PBXBuildFile; fileRef = CE3F58312718AE4600A569FA /* call_functions.swift */; };
		CE3F583B2718AE4600A569FA /* my_functions.swift in Sources */ = {isa = PBXBuildFile; fileRef = CE3F58342718AE4600A569FA /* my_functions.swift */; };
		CE3F583C2718AE4600A569FA /* print_primes.swift in Sources */ = {isa = PBXBuildFile; fileRef = CE3F58382718AE4600A569FA /* print_primes.swift */; };
		CE3F5846271BFE4E00A569FA /* rectangle.swift in Sources */ = {isa = PBXBuildFile; fileRef = CE3F5845271BFE4E00A569FA /* rectangle.swift */; };
		CE3F5848271C059400A569FA /* test_rectangle.swift in Sources */ = {isa = PBXBuildFile; fileRef = CE3F5847271C059400A569FA /* test_rectangle.swift */; };
		CE3F584A271C05A700A569FA /* patient.swift in Sources */ = {isa = PBXBuildFile; fileRef = CE3F5849271C05A600A569FA /* patient.swift */; };
		CE3F584C271C09F300A569FA /* test_patient.swift in Sources */ = {isa = PBXBuildFile; fileRef = CE3F584B271C09F300A569FA /* test_patient.swift */; };
		CE3F584E271C121200A569FA /* employee.swift in Sources */ = {isa = PBXBuildFile; fileRef = CE3F584D271C121200A569FA /* employee.swift */; };
		CE3F5850271C2EE200A569FA /* student.swift in Sources */ = {isa = PBXBuildFile; fileRef = CE3F584F271C2EE200A569FA /* student.swift */; };
		CE3F5852271C30AB00A569FA /* test_employee.swift in Sources */ = {isa = PBXBuildFile; fileRef = CE3F5851271C30AB00A569FA /* test_employee.swift */; };
		CE3F5854271C45FB00A569FA /* test_student.swift in Sources */ = {isa = PBXBuildFile; fileRef = CE3F5853271C45FB00A569FA /* test_student.swift */; };
		CE3F5868271D46A400A569FA /* account.swift in Sources */ = {isa = PBXBuildFile; fileRef = CE3F5867271D46A400A569FA /* account.swift */; };
/* End PBXBuildFile section */

/* Begin PBXCopyFilesBuildPhase section */
		CE02B52627140BEB00861F3D /* CopyFiles */ = {
			isa = PBXCopyFilesBuildPhase;
			buildActionMask = 2147483647;
			dstPath = /usr/share/man/man1/;
			dstSubfolderSpec = 0;
			files = (
			);
			runOnlyForDeploymentPostprocessing = 1;
		};
/* End PBXCopyFilesBuildPhase section */

/* Begin PBXFileReference section */
		B9F38B18271C37F5002B5E8B /* closures.swift */ = {isa = PBXFileReference; lastKnownFileType = sourcecode.swift; path = closures.swift; sourceTree = "<group>"; };
		CE02B52827140BEB00861F3D /* swift_demo_T1000 */ = {isa = PBXFileReference; explicitFileType = "compiled.mach-o.executable"; includeInIndex = 0; path = swift_demo_T1000; sourceTree = BUILT_PRODUCTS_DIR; };
		CE02B52B27140BEB00861F3D /* main.swift */ = {isa = PBXFileReference; lastKnownFileType = sourcecode.swift; path = main.swift; sourceTree = "<group>"; };
		CE02B53427140DC100861F3D /* utils.swift */ = {isa = PBXFileReference; fileEncoding = 4; lastKnownFileType = sourcecode.swift; path = utils.swift; sourceTree = "<group>"; };
		CE3F57F02718AD7B00A569FA /* sketch_6.jpeg */ = {isa = PBXFileReference; lastKnownFileType = image.jpeg; path = sketch_6.jpeg; sourceTree = "<group>"; };
		CE3F57F12718AD7B00A569FA /* compute_salary.swift */ = {isa = PBXFileReference; fileEncoding = 4; lastKnownFileType = sourcecode.swift; path = compute_salary.swift; sourceTree = "<group>"; };
		CE3F57F22718AD7B00A569FA /* check_day.swift */ = {isa = PBXFileReference; fileEncoding = 4; lastKnownFileType = sourcecode.swift; path = check_day.swift; sourceTree = "<group>"; };
		CE3F57F32718AD7B00A569FA /* analyze_marks.swift */ = {isa = PBXFileReference; fileEncoding = 4; lastKnownFileType = sourcecode.swift; path = analyze_marks.swift; sourceTree = "<group>"; };
		CE3F57F42718AD7B00A569FA /* sketch_7.jpeg */ = {isa = PBXFileReference; lastKnownFileType = image.jpeg; path = sketch_7.jpeg; sourceTree = "<group>"; };
		CE3F57F52718AD7B00A569FA /* lab_3.jpeg */ = {isa = PBXFileReference; lastKnownFileType = image.jpeg; path = lab_3.jpeg; sourceTree = "<group>"; };
		CE3F57F62718AD7B00A569FA /* sketch_1.jpeg */ = {isa = PBXFileReference; lastKnownFileType = image.jpeg; path = sketch_1.jpeg; sourceTree = "<group>"; };
		CE3F57F72718AD7B00A569FA /* lab_2.jpeg */ = {isa = PBXFileReference; lastKnownFileType = image.jpeg; path = lab_2.jpeg; sourceTree = "<group>"; };
		CE3F57F82718AD7B00A569FA /* lab_1.jpeg */ = {isa = PBXFileReference; lastKnownFileType = image.jpeg; path = lab_1.jpeg; sourceTree = "<group>"; };
		CE3F57F92718AD7B00A569FA /* check_mark.swift */ = {isa = PBXFileReference; fileEncoding = 4; lastKnownFileType = sourcecode.swift; path = check_mark.swift; sourceTree = "<group>"; };
		CE3F57FA2718AD7B00A569FA /* compute_salary_v2.swift */ = {isa = PBXFileReference; fileEncoding = 4; lastKnownFileType = sourcecode.swift; path = compute_salary_v2.swift; sourceTree = "<group>"; };
		CE3F57FB2718AD7B00A569FA /* sketch_2.jpeg */ = {isa = PBXFileReference; lastKnownFileType = image.jpeg; path = sketch_2.jpeg; sourceTree = "<group>"; };
		CE3F57FC2718AD7B00A569FA /* sketch_3.jpeg */ = {isa = PBXFileReference; lastKnownFileType = image.jpeg; path = sketch_3.jpeg; sourceTree = "<group>"; };
		CE3F57FD2718AD7B00A569FA /* errors.swift */ = {isa = PBXFileReference; fileEncoding = 4; lastKnownFileType = sourcecode.swift; path = errors.swift; sourceTree = "<group>"; };
		CE3F57FE2718AD7B00A569FA /* sketch_4.jpeg */ = {isa = PBXFileReference; lastKnownFileType = image.jpeg; path = sketch_4.jpeg; sourceTree = "<group>"; };
		CE3F57FF2718AD7B00A569FA /* quiz.swift */ = {isa = PBXFileReference; fileEncoding = 4; lastKnownFileType = sourcecode.swift; path = quiz.swift; sourceTree = "<group>"; };
		CE3F58002718AD7B00A569FA /* quiz_for.swift */ = {isa = PBXFileReference; fileEncoding = 4; lastKnownFileType = sourcecode.swift; path = quiz_for.swift; sourceTree = "<group>"; };
		CE3F58012718AD7B00A569FA /* sketch_5.jpeg */ = {isa = PBXFileReference; lastKnownFileType = image.jpeg; path = sketch_5.jpeg; sourceTree = "<group>"; };
		CE3F58032718AD7B00A569FA /* check_plate.swift */ = {isa = PBXFileReference; fileEncoding = 4; lastKnownFileType = sourcecode.swift; path = check_plate.swift; sourceTree = "<group>"; };
		CE3F58042718AD7B00A569FA /* loop_basics.swift */ = {isa = PBXFileReference; fileEncoding = 4; lastKnownFileType = sourcecode.swift; path = loop_basics.swift; sourceTree = "<group>"; };
		CE3F58052718AD7B00A569FA /* lab_3.jpeg */ = {isa = PBXFileReference; lastKnownFileType = image.jpeg; path = lab_3.jpeg; sourceTree = "<group>"; };
		CE3F58062718AD7B00A569FA /* quiz_repeat.swift */ = {isa = PBXFileReference; fileEncoding = 4; lastKnownFileType = sourcecode.swift; path = quiz_repeat.swift; sourceTree = "<group>"; };
		CE3F58072718AD7B00A569FA /* insurance.swift */ = {isa = PBXFileReference; fileEncoding = 4; lastKnownFileType = sourcecode.swift; path = insurance.swift; sourceTree = "<group>"; };
		CE3F58082718AD7B00A569FA /* check_password.swift */ = {isa = PBXFileReference; fileEncoding = 4; lastKnownFileType = sourcecode.swift; path = check_password.swift; sourceTree = "<group>"; };
		CE3F58092718AD7B00A569FA /* sketch_1.jpeg */ = {isa = PBXFileReference; lastKnownFileType = image.jpeg; path = sketch_1.jpeg; sourceTree = "<group>"; };
		CE3F580A2718AD7B00A569FA /* string_basics.swift */ = {isa = PBXFileReference; fileEncoding = 4; lastKnownFileType = sourcecode.swift; path = string_basics.swift; sourceTree = "<group>"; };
		CE3F580B2718AD7B00A569FA /* check_day_v2.swift */ = {isa = PBXFileReference; fileEncoding = 4; lastKnownFileType = sourcecode.swift; path = check_day_v2.swift; sourceTree = "<group>"; };
		CE3F580C2718AD7B00A569FA /* lab_2.jpeg */ = {isa = PBXFileReference; lastKnownFileType = image.jpeg; path = lab_2.jpeg; sourceTree = "<group>"; };
		CE3F580D2718AD7B00A569FA /* quiz_while_v2.swift */ = {isa = PBXFileReference; fileEncoding = 4; lastKnownFileType = sourcecode.swift; path = quiz_while_v2.swift; sourceTree = "<group>"; };
		CE3F580E2718AD7B00A569FA /* sketch_2.jpeg */ = {isa = PBXFileReference; lastKnownFileType = image.jpeg; path = sketch_2.jpeg; sourceTree = "<group>"; };
		CE3F580F2718AD7B00A569FA /* quiz_while.swift */ = {isa = PBXFileReference; fileEncoding = 4; lastKnownFileType = sourcecode.swift; path = quiz_while.swift; sourceTree = "<group>"; };
		CE3F58102718AD7B00A569FA /* compute_salary_v3.swift */ = {isa = PBXFileReference; fileEncoding = 4; lastKnownFileType = sourcecode.swift; path = compute_salary_v3.swift; sourceTree = "<group>"; };
		CE3F58242718AD9A00A569FA /* dict_basics.swift */ = {isa = PBXFileReference; fileEncoding = 4; lastKnownFileType = sourcecode.swift; path = dict_basics.swift; sourceTree = "<group>"; };
		CE3F58252718AD9A00A569FA /* assign_grades.swift */ = {isa = PBXFileReference; fileEncoding = 4; lastKnownFileType = sourcecode.swift; path = assign_grades.swift; sourceTree = "<group>"; };
		CE3F58262718AD9A00A569FA /* nested_arrays.swift */ = {isa = PBXFileReference; fileEncoding = 4; lastKnownFileType = sourcecode.swift; path = nested_arrays.swift; sourceTree = "<group>"; };
		CE3F58272718AD9A00A569FA /* sketch_1.jpeg */ = {isa = PBXFileReference; lastKnownFileType = image.jpeg; path = sketch_1.jpeg; sourceTree = "<group>"; };
		CE3F58282718AD9A00A569FA /* optionals_basics.swift */ = {isa = PBXFileReference; fileEncoding = 4; lastKnownFileType = sourcecode.swift; path = optionals_basics.swift; sourceTree = "<group>"; };
		CE3F58292718AD9A00A569FA /* sketch_2.jpeg */ = {isa = PBXFileReference; lastKnownFileType = image.jpeg; path = sketch_2.jpeg; sourceTree = "<group>"; };
		CE3F582F2718AE4600A569FA /* check_palindrome.swift */ = {isa = PBXFileReference; fileEncoding = 4; lastKnownFileType = sourcecode.swift; path = check_palindrome.swift; sourceTree = "<group>"; };
		CE3F58302718AE4600A569FA /* lab_3.jpeg */ = {isa = PBXFileReference; lastKnownFileType = image.jpeg; path = lab_3.jpeg; sourceTree = "<group>"; };
		CE3F58312718AE4600A569FA /* call_functions.swift */ = {isa = PBXFileReference; fileEncoding = 4; lastKnownFileType = sourcecode.swift; path = call_functions.swift; sourceTree = "<group>"; };
		CE3F58322718AE4600A569FA /* sketch_1.jpeg */ = {isa = PBXFileReference; lastKnownFileType = image.jpeg; path = sketch_1.jpeg; sourceTree = "<group>"; };
		CE3F58332718AE4600A569FA /* lab_2.jpeg */ = {isa = PBXFileReference; lastKnownFileType = image.jpeg; path = lab_2.jpeg; sourceTree = "<group>"; };
		CE3F58342718AE4600A569FA /* my_functions.swift */ = {isa = PBXFileReference; fileEncoding = 4; lastKnownFileType = sourcecode.swift; path = my_functions.swift; sourceTree = "<group>"; };
		CE3F58352718AE4600A569FA /* lab_1.jpeg */ = {isa = PBXFileReference; lastKnownFileType = image.jpeg; path = lab_1.jpeg; sourceTree = "<group>"; };
		CE3F58362718AE4600A569FA /* sketch_2.jpeg */ = {isa = PBXFileReference; lastKnownFileType = image.jpeg; path = sketch_2.jpeg; sourceTree = "<group>"; };
		CE3F58372718AE4600A569FA /* sketch_3.jpeg */ = {isa = PBXFileReference; lastKnownFileType = image.jpeg; path = sketch_3.jpeg; sourceTree = "<group>"; };
		CE3F58382718AE4600A569FA /* print_primes.swift */ = {isa = PBXFileReference; fileEncoding = 4; lastKnownFileType = sourcecode.swift; path = print_primes.swift; sourceTree = "<group>"; };
		CE3F5845271BFE4E00A569FA /* rectangle.swift */ = {isa = PBXFileReference; lastKnownFileType = sourcecode.swift; path = rectangle.swift; sourceTree = "<group>"; };
		CE3F5847271C059400A569FA /* test_rectangle.swift */ = {isa = PBXFileReference; lastKnownFileType = sourcecode.swift; path = test_rectangle.swift; sourceTree = "<group>"; };
		CE3F5849271C05A600A569FA /* patient.swift */ = {isa = PBXFileReference; lastKnownFileType = sourcecode.swift; path = patient.swift; sourceTree = "<group>"; };
		CE3F584B271C09F300A569FA /* test_patient.swift */ = {isa = PBXFileReference; lastKnownFileType = sourcecode.swift; path = test_patient.swift; sourceTree = "<group>"; };
		CE3F584D271C121200A569FA /* employee.swift */ = {isa = PBXFileReference; lastKnownFileType = sourcecode.swift; path = employee.swift; sourceTree = "<group>"; };
		CE3F584F271C2EE200A569FA /* student.swift */ = {isa = PBXFileReference; lastKnownFileType = sourcecode.swift; path = student.swift; sourceTree = "<group>"; };
		CE3F5851271C30AB00A569FA /* test_employee.swift */ = {isa = PBXFileReference; lastKnownFileType = sourcecode.swift; path = test_employee.swift; sourceTree = "<group>"; };
		CE3F5853271C45FB00A569FA /* test_student.swift */ = {isa = PBXFileReference; lastKnownFileType = sourcecode.swift; path = test_student.swift; sourceTree = "<group>"; };
		CE3F585A271C47D800A569FA /* sketch_2.jpeg */ = {isa = PBXFileReference; lastKnownFileType = image.jpeg; path = sketch_2.jpeg; sourceTree = "<group>"; };
		CE3F585B271C47D800A569FA /* lab_2.jpeg */ = {isa = PBXFileReference; lastKnownFileType = image.jpeg; path = lab_2.jpeg; sourceTree = "<group>"; };
		CE3F585C271C47D800A569FA /* sketch_1.jpeg */ = {isa = PBXFileReference; lastKnownFileType = image.jpeg; path = sketch_1.jpeg; sourceTree = "<group>"; };
		CE3F585D271C47D800A569FA /* lab_1.jpeg */ = {isa = PBXFileReference; lastKnownFileType = image.jpeg; path = lab_1.jpeg; sourceTree = "<group>"; };
		CE3F585E271C47D800A569FA /* sketch_3.jpeg */ = {isa = PBXFileReference; lastKnownFileType = image.jpeg; path = sketch_3.jpeg; sourceTree = "<group>"; };
		CE3F5867271D46A400A569FA /* account.swift */ = {isa = PBXFileReference; lastKnownFileType = sourcecode.swift; path = account.swift; sourceTree = "<group>"; };
/* End PBXFileReference section */

/* Begin PBXFrameworksBuildPhase section */
		CE02B52527140BEB00861F3D /* Frameworks */ = {
			isa = PBXFrameworksBuildPhase;
			buildActionMask = 2147483647;
			files = (
			);
			runOnlyForDeploymentPostprocessing = 0;
		};
/* End PBXFrameworksBuildPhase section */

/* Begin PBXGroup section */
		CE02B51F27140BEA00861F3D = {
			isa = PBXGroup;
			children = (
				CE02B52A27140BEB00861F3D /* swift_demo_T1000 */,
				CE02B52927140BEB00861F3D /* Products */,
			);
			sourceTree = "<group>";
		};
		CE02B52927140BEB00861F3D /* Products */ = {
			isa = PBXGroup;
			children = (
				CE02B52827140BEB00861F3D /* swift_demo_T1000 */,
			);
			name = Products;
			sourceTree = "<group>";
		};
		CE02B52A27140BEB00861F3D /* swift_demo_T1000 */ = {
			isa = PBXGroup;
			children = (
				CE3F5843271BFB0F00A569FA /* week2 */,
				CE02B5362714160E00861F3D /* week1 */,
				CE02B52B27140BEB00861F3D /* main.swift */,
				CE02B53427140DC100861F3D /* utils.swift */,
			);
			path = swift_demo_T1000;
			sourceTree = "<group>";
		};
		CE02B5362714160E00861F3D /* week1 */ = {
			isa = PBXGroup;
			children = (
				CE3F582E2718AE4600A569FA /* day5 */,
				CE3F58232718AD9A00A569FA /* day4 */,
				CE3F57EF2718AD7B00A569FA /* day2 */,
				CE3F58022718AD7B00A569FA /* day3 */,
			);
			path = week1;
			sourceTree = "<group>";
		};
		CE3F57EF2718AD7B00A569FA /* day2 */ = {
			isa = PBXGroup;
			children = (
				CE3F57F02718AD7B00A569FA /* sketch_6.jpeg */,
				CE3F57F12718AD7B00A569FA /* compute_salary.swift */,
				CE3F57F22718AD7B00A569FA /* check_day.swift */,
				CE3F57F32718AD7B00A569FA /* analyze_marks.swift */,
				CE3F57F42718AD7B00A569FA /* sketch_7.jpeg */,
				CE3F57F52718AD7B00A569FA /* lab_3.jpeg */,
				CE3F57F62718AD7B00A569FA /* sketch_1.jpeg */,
				CE3F57F72718AD7B00A569FA /* lab_2.jpeg */,
				CE3F57F82718AD7B00A569FA /* lab_1.jpeg */,
				CE3F57F92718AD7B00A569FA /* check_mark.swift */,
				CE3F57FA2718AD7B00A569FA /* compute_salary_v2.swift */,
				CE3F57FB2718AD7B00A569FA /* sketch_2.jpeg */,
				CE3F57FC2718AD7B00A569FA /* sketch_3.jpeg */,
				CE3F57FD2718AD7B00A569FA /* errors.swift */,
				CE3F57FE2718AD7B00A569FA /* sketch_4.jpeg */,
				CE3F57FF2718AD7B00A569FA /* quiz.swift */,
				CE3F58002718AD7B00A569FA /* quiz_for.swift */,
				CE3F58012718AD7B00A569FA /* sketch_5.jpeg */,
			);
			path = day2;
			sourceTree = "<group>";
		};
		CE3F58022718AD7B00A569FA /* day3 */ = {
			isa = PBXGroup;
			children = (
				CE3F58032718AD7B00A569FA /* check_plate.swift */,
				CE3F58042718AD7B00A569FA /* loop_basics.swift */,
				CE3F58052718AD7B00A569FA /* lab_3.jpeg */,
				CE3F58062718AD7B00A569FA /* quiz_repeat.swift */,
				CE3F58072718AD7B00A569FA /* insurance.swift */,
				CE3F58082718AD7B00A569FA /* check_password.swift */,
				CE3F58092718AD7B00A569FA /* sketch_1.jpeg */,
				CE3F580A2718AD7B00A569FA /* string_basics.swift */,
				CE3F580B2718AD7B00A569FA /* check_day_v2.swift */,
				CE3F580C2718AD7B00A569FA /* lab_2.jpeg */,
				CE3F580D2718AD7B00A569FA /* quiz_while_v2.swift */,
				CE3F580E2718AD7B00A569FA /* sketch_2.jpeg */,
				CE3F580F2718AD7B00A569FA /* quiz_while.swift */,
				CE3F58102718AD7B00A569FA /* compute_salary_v3.swift */,
			);
			path = day3;
			sourceTree = "<group>";
		};
		CE3F58232718AD9A00A569FA /* day4 */ = {
			isa = PBXGroup;
			children = (
				CE3F58242718AD9A00A569FA /* dict_basics.swift */,
				CE3F58252718AD9A00A569FA /* assign_grades.swift */,
				CE3F58262718AD9A00A569FA /* nested_arrays.swift */,
				CE3F58272718AD9A00A569FA /* sketch_1.jpeg */,
				CE3F58282718AD9A00A569FA /* optionals_basics.swift */,
				CE3F58292718AD9A00A569FA /* sketch_2.jpeg */,
			);
			path = day4;
			sourceTree = "<group>";
		};
		CE3F582E2718AE4600A569FA /* day5 */ = {
			isa = PBXGroup;
			children = (
				CE3F582F2718AE4600A569FA /* check_palindrome.swift */,
				CE3F58302718AE4600A569FA /* lab_3.jpeg */,
				CE3F58312718AE4600A569FA /* call_functions.swift */,
				CE3F58322718AE4600A569FA /* sketch_1.jpeg */,
				CE3F58332718AE4600A569FA /* lab_2.jpeg */,
				CE3F58342718AE4600A569FA /* my_functions.swift */,
				CE3F58352718AE4600A569FA /* lab_1.jpeg */,
				CE3F58362718AE4600A569FA /* sketch_2.jpeg */,
				CE3F58372718AE4600A569FA /* sketch_3.jpeg */,
				CE3F58382718AE4600A569FA /* print_primes.swift */,
				B9F38B18271C37F5002B5E8B /* closures.swift */,
			);
			path = day5;
			sourceTree = "<group>";
		};
		CE3F5843271BFB0F00A569FA /* week2 */ = {
			isa = PBXGroup;
			children = (
				CE3F5866271D468700A569FA /* day2 */,
				CE3F5844271BFB1700A569FA /* day1 */,
			);
			path = week2;
			sourceTree = "<group>";
		};
		CE3F5844271BFB1700A569FA /* day1 */ = {
			isa = PBXGroup;
			children = (
				CE3F585D271C47D800A569FA /* lab_1.jpeg */,
				CE3F585B271C47D800A569FA /* lab_2.jpeg */,
				CE3F585C271C47D800A569FA /* sketch_1.jpeg */,
				CE3F585A271C47D800A569FA /* sketch_2.jpeg */,
				CE3F585E271C47D800A569FA /* sketch_3.jpeg */,
				CE3F5845271BFE4E00A569FA /* rectangle.swift */,
				CE3F5847271C059400A569FA /* test_rectangle.swift */,
				CE3F5849271C05A600A569FA /* patient.swift */,
				CE3F584B271C09F300A569FA /* test_patient.swift */,
				CE3F584D271C121200A569FA /* employee.swift */,
				CE3F584F271C2EE200A569FA /* student.swift */,
				CE3F5851271C30AB00A569FA /* test_employee.swift */,
				CE3F5853271C45FB00A569FA /* test_student.swift */,
			);
			path = day1;
			sourceTree = "<group>";
		};
		CE3F5866271D468700A569FA /* day2 */ = {
			isa = PBXGroup;
			children = (
				CE3F5867271D46A400A569FA /* account.swift */,
			);
			path = day2;
			sourceTree = "<group>";
		};
/* End PBXGroup section */

/* Begin PBXNativeTarget section */
		CE02B52727140BEB00861F3D /* swift_demo_T1000 */ = {
			isa = PBXNativeTarget;
			buildConfigurationList = CE02B52F27140BEB00861F3D /* Build configuration list for PBXNativeTarget "swift_demo_T1000" */;
			buildPhases = (
				CE02B52427140BEB00861F3D /* Sources */,
				CE02B52527140BEB00861F3D /* Frameworks */,
				CE02B52627140BEB00861F3D /* CopyFiles */,
			);
			buildRules = (
			);
			dependencies = (
			);
			name = swift_demo_T1000;
			productName = swift_demo_T1000;
			productReference = CE02B52827140BEB00861F3D /* swift_demo_T1000 */;
			productType = "com.apple.product-type.tool";
		};
/* End PBXNativeTarget section */

/* Begin PBXProject section */
		CE02B52027140BEA00861F3D /* Project object */ = {
			isa = PBXProject;
			attributes = {
				BuildIndependentTargetsInParallel = 1;
				LastSwiftUpdateCheck = 1300;
				LastUpgradeCheck = 1300;
				TargetAttributes = {
					CE02B52727140BEB00861F3D = {
						CreatedOnToolsVersion = 13.0;
					};
				};
			};
			buildConfigurationList = CE02B52327140BEA00861F3D /* Build configuration list for PBXProject "swift_demo_T1000" */;
			compatibilityVersion = "Xcode 13.0";
			developmentRegion = en;
			hasScannedForEncodings = 0;
			knownRegions = (
				en,
				Base,
			);
			mainGroup = CE02B51F27140BEA00861F3D;
			productRefGroup = CE02B52927140BEB00861F3D /* Products */;
			projectDirPath = "";
			projectRoot = "";
			targets = (
				CE02B52727140BEB00861F3D /* swift_demo_T1000 */,
			);
		};
/* End PBXProject section */

/* Begin PBXSourcesBuildPhase section */
		CE02B52427140BEB00861F3D /* Sources */ = {
			isa = PBXSourcesBuildPhase;
			buildActionMask = 2147483647;
			files = (
				CE02B52C27140BEB00861F3D /* main.swift in Sources */,
				CE3F584C271C09F300A569FA /* test_patient.swift in Sources */,
				CE3F583C2718AE4600A569FA /* print_primes.swift in Sources */,
				CE3F5854271C45FB00A569FA /* test_student.swift in Sources */,
				CE3F58142718AD7B00A569FA /* check_mark.swift in Sources */,
				CE3F581C2718AD7B00A569FA /* insurance.swift in Sources */,
				CE3F58192718AD7B00A569FA /* check_plate.swift in Sources */,
				CE3F58182718AD7B00A569FA /* quiz_for.swift in Sources */,
				CE3F581F2718AD7B00A569FA /* check_day_v2.swift in Sources */,
				CE3F582D2718AD9A00A569FA /* optionals_basics.swift in Sources */,
				CE3F58392718AE4600A569FA /* check_palindrome.swift in Sources */,
				CE3F5846271BFE4E00A569FA /* rectangle.swift in Sources */,
				CE3F582B2718AD9A00A569FA /* assign_grades.swift in Sources */,
				CE3F58222718AD7B00A569FA /* compute_salary_v3.swift in Sources */,
				CE3F58122718AD7B00A569FA /* check_day.swift in Sources */,
				CE3F58112718AD7B00A569FA /* compute_salary.swift in Sources */,
				CE3F58162718AD7B00A569FA /* errors.swift in Sources */,
				CE02B53527140DC100861F3D /* utils.swift in Sources */,
				B9F38B19271C37F5002B5E8B /* closures.swift in Sources */,
				CE3F581E2718AD7B00A569FA /* string_basics.swift in Sources */,
				CE3F5848271C059400A569FA /* test_rectangle.swift in Sources */,
				CE3F582A2718AD9A00A569FA /* dict_basics.swift in Sources */,
				CE3F583B2718AE4600A569FA /* my_functions.swift in Sources */,
				CE3F58152718AD7B00A569FA /* compute_salary_v2.swift in Sources */,
				CE3F58132718AD7B00A569FA /* analyze_marks.swift in Sources */,
				CE3F581B2718AD7B00A569FA /* quiz_repeat.swift in Sources */,
				CE3F581A2718AD7B00A569FA /* loop_basics.swift in Sources */,
				CE3F5868271D46A400A569FA /* account.swift in Sources */,
				CE3F581D2718AD7B00A569FA /* check_password.swift in Sources */,
				CE3F58212718AD7B00A569FA /* quiz_while.swift in Sources */,
				CE3F584E271C121200A569FA /* employee.swift in Sources */,
				CE3F582C2718AD9A00A569FA /* nested_arrays.swift in Sources */,
				CE3F583A2718AE4600A569FA /* call_functions.swift in Sources */,
				CE3F58202718AD7B00A569FA /* quiz_while_v2.swift in Sources */,
				CE3F58172718AD7B00A569FA /* quiz.swift in Sources */,
				CE3F584A271C05A700A569FA /* patient.swift in Sources */,
				CE3F5852271C30AB00A569FA /* test_employee.swift in Sources */,
				CE3F5850271C2EE200A569FA /* student.swift in Sources */,
			);
			runOnlyForDeploymentPostprocessing = 0;
		};
/* End PBXSourcesBuildPhase section */

/* Begin XCBuildConfiguration section */
		CE02B52D27140BEB00861F3D /* Debug */ = {
			isa = XCBuildConfiguration;
			buildSettings = {
				ALWAYS_SEARCH_USER_PATHS = NO;
				CLANG_ANALYZER_NONNULL = YES;
				CLANG_ANALYZER_NUMBER_OBJECT_CONVERSION = YES_AGGRESSIVE;
				CLANG_CXX_LANGUAGE_STANDARD = "gnu++17";
				CLANG_CXX_LIBRARY = "libc++";
				CLANG_ENABLE_MODULES = YES;
				CLANG_ENABLE_OBJC_ARC = YES;
				CLANG_ENABLE_OBJC_WEAK = YES;
				CLANG_WARN_BLOCK_CAPTURE_AUTORELEASING = YES;
				CLANG_WARN_BOOL_CONVERSION = YES;
				CLANG_WARN_COMMA = YES;
				CLANG_WARN_CONSTANT_CONVERSION = YES;
				CLANG_WARN_DEPRECATED_OBJC_IMPLEMENTATIONS = YES;
				CLANG_WARN_DIRECT_OBJC_ISA_USAGE = YES_ERROR;
				CLANG_WARN_DOCUMENTATION_COMMENTS = YES;
				CLANG_WARN_EMPTY_BODY = YES;
				CLANG_WARN_ENUM_CONVERSION = YES;
				CLANG_WARN_INFINITE_RECURSION = YES;
				CLANG_WARN_INT_CONVERSION = YES;
				CLANG_WARN_NON_LITERAL_NULL_CONVERSION = YES;
				CLANG_WARN_OBJC_IMPLICIT_RETAIN_SELF = YES;
				CLANG_WARN_OBJC_LITERAL_CONVERSION = YES;
				CLANG_WARN_OBJC_ROOT_CLASS = YES_ERROR;
				CLANG_WARN_QUOTED_INCLUDE_IN_FRAMEWORK_HEADER = YES;
				CLANG_WARN_RANGE_LOOP_ANALYSIS = YES;
				CLANG_WARN_STRICT_PROTOTYPES = YES;
				CLANG_WARN_SUSPICIOUS_MOVE = YES;
				CLANG_WARN_UNGUARDED_AVAILABILITY = YES_AGGRESSIVE;
				CLANG_WARN_UNREACHABLE_CODE = YES;
				CLANG_WARN__DUPLICATE_METHOD_MATCH = YES;
				COPY_PHASE_STRIP = NO;
				DEBUG_INFORMATION_FORMAT = dwarf;
				ENABLE_STRICT_OBJC_MSGSEND = YES;
				ENABLE_TESTABILITY = YES;
				GCC_C_LANGUAGE_STANDARD = gnu11;
				GCC_DYNAMIC_NO_PIC = NO;
				GCC_NO_COMMON_BLOCKS = YES;
				GCC_OPTIMIZATION_LEVEL = 0;
				GCC_PREPROCESSOR_DEFINITIONS = (
					"DEBUG=1",
					"$(inherited)",
				);
				GCC_WARN_64_TO_32_BIT_CONVERSION = YES;
				GCC_WARN_ABOUT_RETURN_TYPE = YES_ERROR;
				GCC_WARN_UNDECLARED_SELECTOR = YES;
				GCC_WARN_UNINITIALIZED_AUTOS = YES_AGGRESSIVE;
				GCC_WARN_UNUSED_FUNCTION = YES;
				GCC_WARN_UNUSED_VARIABLE = YES;
				MACOSX_DEPLOYMENT_TARGET = 11.3;
				MTL_ENABLE_DEBUG_INFO = INCLUDE_SOURCE;
				MTL_FAST_MATH = YES;
				ONLY_ACTIVE_ARCH = YES;
				SDKROOT = macosx;
				SWIFT_ACTIVE_COMPILATION_CONDITIONS = DEBUG;
				SWIFT_OPTIMIZATION_LEVEL = "-Onone";
			};
			name = Debug;
		};
		CE02B52E27140BEB00861F3D /* Release */ = {
			isa = XCBuildConfiguration;
			buildSettings = {
				ALWAYS_SEARCH_USER_PATHS = NO;
				CLANG_ANALYZER_NONNULL = YES;
				CLANG_ANALYZER_NUMBER_OBJECT_CONVERSION = YES_AGGRESSIVE;
				CLANG_CXX_LANGUAGE_STANDARD = "gnu++17";
				CLANG_CXX_LIBRARY = "libc++";
				CLANG_ENABLE_MODULES = YES;
				CLANG_ENABLE_OBJC_ARC = YES;
				CLANG_ENABLE_OBJC_WEAK = YES;
				CLANG_WARN_BLOCK_CAPTURE_AUTORELEASING = YES;
				CLANG_WARN_BOOL_CONVERSION = YES;
				CLANG_WARN_COMMA = YES;
				CLANG_WARN_CONSTANT_CONVERSION = YES;
				CLANG_WARN_DEPRECATED_OBJC_IMPLEMENTATIONS = YES;
				CLANG_WARN_DIRECT_OBJC_ISA_USAGE = YES_ERROR;
				CLANG_WARN_DOCUMENTATION_COMMENTS = YES;
				CLANG_WARN_EMPTY_BODY = YES;
				CLANG_WARN_ENUM_CONVERSION = YES;
				CLANG_WARN_INFINITE_RECURSION = YES;
				CLANG_WARN_INT_CONVERSION = YES;
				CLANG_WARN_NON_LITERAL_NULL_CONVERSION = YES;
				CLANG_WARN_OBJC_IMPLICIT_RETAIN_SELF = YES;
				CLANG_WARN_OBJC_LITERAL_CONVERSION = YES;
				CLANG_WARN_OBJC_ROOT_CLASS = YES_ERROR;
				CLANG_WARN_QUOTED_INCLUDE_IN_FRAMEWORK_HEADER = YES;
				CLANG_WARN_RANGE_LOOP_ANALYSIS = YES;
				CLANG_WARN_STRICT_PROTOTYPES = YES;
				CLANG_WARN_SUSPICIOUS_MOVE = YES;
				CLANG_WARN_UNGUARDED_AVAILABILITY = YES_AGGRESSIVE;
				CLANG_WARN_UNREACHABLE_CODE = YES;
				CLANG_WARN__DUPLICATE_METHOD_MATCH = YES;
				COPY_PHASE_STRIP = NO;
				DEBUG_INFORMATION_FORMAT = "dwarf-with-dsym";
				ENABLE_NS_ASSERTIONS = NO;
				ENABLE_STRICT_OBJC_MSGSEND = YES;
				GCC_C_LANGUAGE_STANDARD = gnu11;
				GCC_NO_COMMON_BLOCKS = YES;
				GCC_WARN_64_TO_32_BIT_CONVERSION = YES;
				GCC_WARN_ABOUT_RETURN_TYPE = YES_ERROR;
				GCC_WARN_UNDECLARED_SELECTOR = YES;
				GCC_WARN_UNINITIALIZED_AUTOS = YES_AGGRESSIVE;
				GCC_WARN_UNUSED_FUNCTION = YES;
				GCC_WARN_UNUSED_VARIABLE = YES;
				MACOSX_DEPLOYMENT_TARGET = 11.3;
				MTL_ENABLE_DEBUG_INFO = NO;
				MTL_FAST_MATH = YES;
				SDKROOT = macosx;
				SWIFT_COMPILATION_MODE = wholemodule;
				SWIFT_OPTIMIZATION_LEVEL = "-O";
			};
			name = Release;
		};
		CE02B53027140BEB00861F3D /* Debug */ = {
			isa = XCBuildConfiguration;
			buildSettings = {
				CODE_SIGN_STYLE = Automatic;
				PRODUCT_NAME = "$(TARGET_NAME)";
				SWIFT_VERSION = 5.0;
			};
			name = Debug;
		};
		CE02B53127140BEB00861F3D /* Release */ = {
			isa = XCBuildConfiguration;
			buildSettings = {
				CODE_SIGN_STYLE = Automatic;
				PRODUCT_NAME = "$(TARGET_NAME)";
				SWIFT_VERSION = 5.0;
			};
			name = Release;
		};
/* End XCBuildConfiguration section */

/* Begin XCConfigurationList section */
		CE02B52327140BEA00861F3D /* Build configuration list for PBXProject "swift_demo_T1000" */ = {
			isa = XCConfigurationList;
			buildConfigurations = (
				CE02B52D27140BEB00861F3D /* Debug */,
				CE02B52E27140BEB00861F3D /* Release */,
			);
			defaultConfigurationIsVisible = 0;
			defaultConfigurationName = Release;
		};
		CE02B52F27140BEB00861F3D /* Build configuration list for PBXNativeTarget "swift_demo_T1000" */ = {
			isa = XCConfigurationList;
			buildConfigurations = (
				CE02B53027140BEB00861F3D /* Debug */,
				CE02B53127140BEB00861F3D /* Release */,
			);
			defaultConfigurationIsVisible = 0;
			defaultConfigurationName = Release;
		};
/* End XCConfigurationList section */
	};
	rootObject = CE02B52027140BEA00861F3D /* Project object */;
}
